
Microsoft Visual Studio Solution File, Format Version 12.00
# Visual Studio Version 17
VisualStudioVersion = 17.5.002.0
MinimumVisualStudioVersion = 10.0.40219.1
Project("{9A19103F-16F7-4668-BE54-9A1E7A4F7556}") = "JobAlert", "JobAlert.csproj", "{787986FB-E0DA-4423-A908-9A4B8F848982}"
EndProject
Global
	GlobalSection(SolutionConfigurationPlatforms) = preSolution
		Debug|Any CPU = Debug|Any CPU
		Release|Any CPU = Release|Any CPU
	EndGlobalSection
	GlobalSection(ProjectConfigurationPlatforms) = postSolution
		{787986FB-E0DA-4423-A908-9A4B8F848982}.Debug|Any CPU.ActiveCfg = Debug|Any CPU
		{787986FB-E0DA-4423-A908-9A4B8F848982}.Debug|Any CPU.Build.0 = Debug|Any CPU
		{787986FB-E0DA-4423-A908-9A4B8F848982}.Release|Any CPU.ActiveCfg = Release|Any CPU
		{787986FB-E0DA-4423-A908-9A4B8F848982}.Release|Any CPU.Build.0 = Release|Any CPU
	EndGlobalSection
	GlobalSection(SolutionProperties) = preSolution
		HideSolutionNode = FALSE
	EndGlobalSection
	GlobalSection(ExtensibilityGlobals) = postSolution
		SolutionGuid = {5CEC30ED-283C-44DF-A8E5-68DE499E4560}
	EndGlobalSection
EndGlobal
